version: 1
requests:
- id: QDU-Robomaster/CMD
  ref: same-or-dev
- id: QDU-Robomaster/CameraSync
  ref: same-or-dev
- id: QDU-Robomaster/Chassis
  ref: same-or-dev
- id: QDU-Robomaster/DMMotor
  ref: same-or-dev
- id: QDU-Robomaster/DR16
  ref: same-or-dev
- id: QDU-Robomaster/Dart
  ref: same-or-dev
- id: QDU-Robomaster/EventBinder
  ref: same-or-dev
- id: QDU-Robomaster/Gimbal
  ref: same-or-dev
- id: QDU-Robomaster/HeroLauncher
  ref: same-or-dev
- id: QDU-Robomaster/HostData
  ref: same-or-dev
- id: QDU-Robomaster/InfantryLauncher
  ref: same-or-dev
- id: QDU-Robomaster/MiniGimbal
  ref: same-or-dev
- id: QDU-Robomaster/Motor
  ref: same-or-dev
- id: QDU-Robomaster/PowerControl
  ref: same-or-dev
- id: QDU-Robomaster/RMMotor
  ref: same-or-dev
- id: QDU-Robomaster/Referee
  ref: same-or-dev
- id: QDU-Robomaster/SentryProtocol
  ref: same-or-dev
- id: QDU-Robomaster/SuperPower
  ref: same-or-dev
- id: QDU-Robomaster/VT13
  ref: same-or-dev
- id: xrobot-org/BMI088
  ref: same-or-dev
- id: xrobot-org/BlinkLED
  ref: same-or-dev
- id: xrobot-org/BuzzerAlarm
  ref: same-or-dev
- id: xrobot-org/MadgwickAHRS
  ref: same-or-dev
- id: xrobot-org/SharedTopic
  ref: same-or-dev
- id: xrobot-org/SharedTopicClient
  ref: same-or-dev
modules:
  QDU-Robomaster/CMD:
    repo: https://github.com/QDU-Robomaster/CMD.git
    source: https://qdu-robomaster.github.io/qdu-future-modules/index.yaml
    requested: same-or-dev
    resolved_ref: feat/static-assembly-20260915
    ref_kind: branch
    context:
    - branch
    - feat/static-assembly-20260915
    commit: 57de95b1dee06953b38eef19b507bdece4d3dd95
  QDU-Robomaster/CameraSync:
    repo: https://github.com/QDU-Robomaster/CameraSync.git
    source: https://qdu-robomaster.github.io/qdu-future-modules/index.yaml
    requested: same-or-dev
    resolved_ref: feat/static-assembly-20260915
    ref_kind: branch
    context:
    - branch
    - feat/static-assembly-20260915
    commit: 6f467f26911c92a24a5eb925651917ad143ef362
  QDU-Robomaster/Chassis:
    repo: https://github.com/QDU-Robomaster/Chassis.git
    source: https://qdu-robomaster.github.io/qdu-future-modules/index.yaml
    requested: same-or-dev
    resolved_ref: feat/static-assembly-20260915
    ref_kind: branch
    context:
    - branch
    - feat/static-assembly-20260915
    commit: 6913e06b44b128e2a429f65164511e1673ee65a0
  QDU-Robomaster/DMMotor:
    repo: https://github.com/QDU-Robomaster/DMMotor.git
    source: https://qdu-robomaster.github.io/qdu-future-modules/index.yaml
    requested: same-or-dev
    resolved_ref: feat/static-assembly-20260915
    ref_kind: branch
    context:
    - branch
    - feat/static-assembly-20260915
    commit: 59838126fac0b15a0c2d427f7fff9b68ca6b2f00
  QDU-Robomaster/DR16:
    repo: https://github.com/QDU-Robomaster/DR16.git
    source: https://qdu-robomaster.github.io/qdu-future-modules/index.yaml
    requested: same-or-dev
    resolved_ref: feat/static-assembly-20260915
    ref_kind: branch
    context:
    - branch
    - feat/static-assembly-20260915
    commit: 1c5d4456c6f36d73a3b656ffe2450fb5b522ec0d
  QDU-Robomaster/Dart:
    repo: https://github.com/QDU-Robomaster/Dart.git
    source: https://qdu-robomaster.github.io/qdu-future-modules/index.yaml
    requested: same-or-dev
    resolved_ref: feat/static-assembly-20260915
    ref_kind: branch
    context:
    - branch
    - feat/static-assembly-20260915
    commit: 49b4c323f2afcacbd506c998bfa08eb0c6cc6d9e
  QDU-Robomaster/EventBinder:
    repo: https://github.com/QDU-Robomaster/EventBinder.git
    source: https://qdu-robomaster.github.io/qdu-future-modules/index.yaml
    requested: same-or-dev
    resolved_ref: feat/static-assembly-20260915
    ref_kind: branch
    context:
    - branch
    - feat/static-assembly-20260915
    commit: b13582fb97769244cc9e82da4ac6bc5a41701d08
  QDU-Robomaster/Gimbal:
    repo: https://github.com/QDU-Robomaster/Gimbal.git
    source: https://qdu-robomaster.github.io/qdu-future-modules/index.yaml
    requested: same-or-dev
    resolved_ref: feat/static-assembly-20260915
    ref_kind: branch
    context:
    - branch
    - feat/static-assembly-20260915
    commit: 28d161942d9957f720ddd9de9244097e9019f8b2
  QDU-Robomaster/HeroLauncher:
    repo: https://github.com/QDU-Robomaster/HeroLauncher.git
    source: https://qdu-robomaster.github.io/qdu-future-modules/index.yaml
    requested: same-or-dev
    resolved_ref: feat/static-assembly-20260915
    ref_kind: branch
    context:
    - branch
    - feat/static-assembly-20260915
    commit: fbbc5e0acb54366e98693319cd1f601003081542
  QDU-Robomaster/HostData:
    repo: https://github.com/QDU-Robomaster/HostData.git
    source: https://qdu-robomaster.github.io/qdu-future-modules/index.yaml
    requested: same-or-dev
    resolved_ref: feat/static-assembly-20260915
    ref_kind: branch
    context:
    - branch
    - feat/static-assembly-20260915
    commit: 09ae732c9c4442a180ac55a39e0ce7bc1bc0ce00
  QDU-Robomaster/InfantryLauncher:
    repo: https://github.com/QDU-Robomaster/InfantryLauncher.git
    source: https://qdu-robomaster.github.io/qdu-future-modules/index.yaml
    requested: same-or-dev
    resolved_ref: feat/static-assembly-20260915
    ref_kind: branch
    context:
    - branch
    - feat/static-assembly-20260915
    commit: 9eb6981f6f518cf193b83e2a98e078982fb4b6f2
  QDU-Robomaster/MiniGimbal:
    repo: https://github.com/QDU-Robomaster/MiniGimbal.git
    source: https://qdu-robomaster.github.io/qdu-future-modules/index.yaml
    requested: same-or-dev
    resolved_ref: feat/static-assembly-20260915
    ref_kind: branch
    context:
    - branch
    - feat/static-assembly-20260915
    commit: 7dfe83510d5dc7b3d34f232754860ab76b1df0fb
  QDU-Robomaster/Motor:
    repo: https://github.com/QDU-Robomaster/Motor.git
    source: https://qdu-robomaster.github.io/qdu-future-modules/index.yaml
    requested: same-or-dev
    resolved_ref: feat/static-assembly-20260915
    ref_kind: branch
    context:
    - branch
    - feat/static-assembly-20260915
    commit: 554690cc2964d7e50c5871207bc07f08fe9dd1b7
  QDU-Robomaster/PowerControl:
    repo: https://github.com/QDU-Robomaster/PowerControl.git
    source: https://qdu-robomaster.github.io/qdu-future-modules/index.yaml
    requested: same-or-dev
    resolved_ref: feat/static-assembly-20260915
    ref_kind: branch
    context:
    - branch
    - feat/static-assembly-20260915
    commit: 5848d6de9aaa3e0ae567726b74b9d2d4a4511937
  QDU-Robomaster/RMMotor:
    repo: https://github.com/QDU-Robomaster/RMMotor.git
    source: https://qdu-robomaster.github.io/qdu-future-modules/index.yaml
    requested: same-or-dev
    resolved_ref: feat/static-assembly-20260915
    ref_kind: branch
    context:
    - branch
    - feat/static-assembly-20260915
    commit: ddb9eb3d86f242fa7b9deda081fae82f6d48c377
  QDU-Robomaster/Referee:
    repo: https://github.com/QDU-Robomaster/Referee.git
    source: https://qdu-robomaster.github.io/qdu-future-modules/index.yaml
    requested: same-or-dev
    resolved_ref: feat/static-assembly-20260915
    ref_kind: branch
    context:
    - branch
    - feat/static-assembly-20260915
    commit: 02eaf1dc166deb82918a805ae5ce1dba3034bf0d
  QDU-Robomaster/SentryProtocol:
    repo: https://github.com/QDU-Robomaster/SentryProtocol.git
    source: https://qdu-robomaster.github.io/qdu-future-modules/index.yaml
    requested: same-or-dev
    resolved_ref: feat/static-assembly-20260915
    ref_kind: branch
    context:
    - branch
    - feat/static-assembly-20260915
    commit: 768bbc890dc241bd0781c8e0d1579a91520a78cb
  QDU-Robomaster/SuperPower:
    repo: https://github.com/QDU-Robomaster/SuperPower.git
    source: https://qdu-robomaster.github.io/qdu-future-modules/index.yaml
    requested: same-or-dev
    resolved_ref: feat/static-assembly-20260915
    ref_kind: branch
    context:
    - branch
    - feat/static-assembly-20260915
    commit: 40f4bd676d6e8a5297cfc9bc9e8e30d847c42a7a
  QDU-Robomaster/VT13:
    repo: https://github.com/QDU-Robomaster/VT13.git
    source: https://qdu-robomaster.github.io/qdu-future-modules/index.yaml
    requested: same-or-dev
    resolved_ref: feat/static-assembly-20260915
    ref_kind: branch
    context:
    - branch
    - feat/static-assembly-20260915
    commit: 1d4a23ec79923bf990cc4ce87c771f9ca28c43f1
  xrobot-org/BMI088:
    repo: https://github.com/xrobot-org/BMI088.git
    source: https://xrobot.work/xrobot-modules/index.yaml
    requested: same-or-dev
    resolved_ref: feat/static-assembly-20260915
    ref_kind: branch
    context:
    - branch
    - feat/static-assembly-20260915
    commit: 96c4f3f7dff3cd25e0ab72d7eb83b242e2430bd1
  xrobot-org/BlinkLED:
    repo: https://github.com/xrobot-org/BlinkLED.git
    source: https://xrobot.work/xrobot-modules/index.yaml
    requested: same-or-dev
    resolved_ref: feat/static-assembly-20260915
    ref_kind: branch
    context:
    - branch
    - feat/static-assembly-20260915
    commit: 8b76b4cd89c14da0661493d343f3ca3deaf2d04b
  xrobot-org/BuzzerAlarm:
    repo: https://github.com/xrobot-org/BuzzerAlarm.git
    source: https://xrobot.work/xrobot-modules/index.yaml
    requested: same-or-dev
    resolved_ref: feat/static-assembly-20260915
    ref_kind: branch
    context:
    - branch
    - feat/static-assembly-20260915
    commit: 6e73d640b4ad773184c3d5db5bcb0d29ebe439a8
  xrobot-org/MadgwickAHRS:
    repo: https://github.com/xrobot-org/MadgwickAHRS
    source: https://xrobot.work/xrobot-modules/index.yaml
    requested: same-or-dev
    resolved_ref: feat/static-assembly-20260915
    ref_kind: branch
    context:
    - branch
    - feat/static-assembly-20260915
    commit: f385280c975baff4045c4ed434de1718b9cff850
  xrobot-org/SharedTopic:
    repo: https://github.com/xrobot-org/SharedTopic.git
    source: https://xrobot.work/xrobot-modules/index.yaml
    requested: same-or-dev
    resolved_ref: feat/static-assembly-20260915
    ref_kind: branch
    context:
    - branch
    - feat/static-assembly-20260915
    commit: c0cb8318b5eea3c0dd395ec45c8dc75bff6e4e3c
  xrobot-org/SharedTopicClient:
    repo: https://github.com/xrobot-org/SharedTopicClient.git
    source: https://xrobot.work/xrobot-modules/index.yaml
    requested: same-or-dev
    resolved_ref: feat/static-assembly-20260915
    ref_kind: branch
    context:
    - branch
    - feat/static-assembly-20260915
    commit: 036d3cbf5323ab46041649046f6355fb44bd95c8
root_context:
- branch
- feat/static-assembly-20260915
