# Generated by `xrobot setup`; do not edit by hand.
version: 1
requests:
- id: QDU-Robomaster/CameraSync
  ref: same-or-dev
- id: QDU-Robomaster/Chassis
  ref: same-or-dev
- id: QDU-Robomaster/CMD
  ref: same-or-dev
- id: QDU-Robomaster/Dart
  ref: same-or-dev
- id: QDU-Robomaster/DMMotor
  ref: same-or-dev
- id: QDU-Robomaster/DR16
  ref: same-or-dev
- id: QDU-Robomaster/EventBinder
  ref: same-or-dev
- id: QDU-Robomaster/Gimbal
  ref: same-or-dev
- id: QDU-Robomaster/HeroLauncher
  ref: same-or-dev
- id: QDU-Robomaster/HostData
  ref: same-or-dev
- id: QDU-Robomaster/InfantryLauncher
  ref: same-or-dev
- id: QDU-Robomaster/MiniGimbal
  ref: same-or-dev
- id: QDU-Robomaster/Motor
  ref: same-or-dev
- id: QDU-Robomaster/PowerControl
  ref: same-or-dev
- id: QDU-Robomaster/Referee
  ref: same-or-dev
- id: QDU-Robomaster/RMMotor
  ref: same-or-dev
- id: QDU-Robomaster/SentryProtocol
  ref: same-or-dev
- id: QDU-Robomaster/SuperPower
  ref: same-or-dev
- id: QDU-Robomaster/VT13
  ref: same-or-dev
- id: xrobot-org/BlinkLED
  ref: same-or-dev
- id: xrobot-org/BMI088
  ref: same-or-dev
- id: xrobot-org/BuzzerAlarm
  ref: same-or-dev
- id: xrobot-org/MadgwickAHRS
  ref: same-or-dev
- id: xrobot-org/SharedTopic
  ref: same-or-dev
- id: xrobot-org/SharedTopicClient
  ref: same-or-dev
modules:
  QDU-Robomaster/CMD:
    repo: https://github.com/QDU-Robomaster/CMD.git
    source: https://qdu-robomaster.github.io/qdu-future-modules/index.yaml
    requested: same-or-dev
    resolved_ref: dev
    ref_kind: branch
    commit: e960a30e80aec80a80495a39c2ad05ddc366a97b
  QDU-Robomaster/CameraSync:
    repo: https://github.com/QDU-Robomaster/CameraSync.git
    source: https://qdu-robomaster.github.io/qdu-future-modules/index.yaml
    requested: same-or-dev
    resolved_ref: dev
    ref_kind: branch
    commit: b5f59ad93869a22d44f1614eafb9342de69727e6
  QDU-Robomaster/Chassis:
    repo: https://github.com/QDU-Robomaster/Chassis.git
    source: https://qdu-robomaster.github.io/qdu-future-modules/index.yaml
    requested: same-or-dev
    resolved_ref: dev
    ref_kind: branch
    commit: 35af4892ab630bc0ef13123bbacc5fe17e82ccbf
  QDU-Robomaster/DMMotor:
    repo: https://github.com/QDU-Robomaster/DMMotor.git
    source: https://qdu-robomaster.github.io/qdu-future-modules/index.yaml
    requested: same-or-dev
    resolved_ref: dev
    ref_kind: branch
    commit: 828d73e2c04de307c6d11cc63ab2afb2e9d2d8b3
  QDU-Robomaster/DR16:
    repo: https://github.com/QDU-Robomaster/DR16.git
    source: https://qdu-robomaster.github.io/qdu-future-modules/index.yaml
    requested: same-or-dev
    resolved_ref: dev
    ref_kind: branch
    commit: 3f15a4039e7c137c6748b0262ed9d48181f25631
  QDU-Robomaster/Dart:
    repo: https://github.com/QDU-Robomaster/Dart.git
    source: https://qdu-robomaster.github.io/qdu-future-modules/index.yaml
    requested: same-or-dev
    resolved_ref: dev
    ref_kind: branch
    commit: 18c594be548347d60eea28bc891d279b27d7ea2b
  QDU-Robomaster/EventBinder:
    repo: https://github.com/QDU-Robomaster/EventBinder.git
    source: https://qdu-robomaster.github.io/qdu-future-modules/index.yaml
    requested: same-or-dev
    resolved_ref: dev
    ref_kind: branch
    commit: 96b845ab40361aab7ed334ba13e78a6981ddbcc6
  QDU-Robomaster/Gimbal:
    repo: https://github.com/QDU-Robomaster/Gimbal.git
    source: https://qdu-robomaster.github.io/qdu-future-modules/index.yaml
    requested: same-or-dev
    resolved_ref: dev
    ref_kind: branch
    commit: 1081c838e08f129657563989bd3bd143a1f45700
  QDU-Robomaster/HeroLauncher:
    repo: https://github.com/QDU-Robomaster/HeroLauncher.git
    source: https://qdu-robomaster.github.io/qdu-future-modules/index.yaml
    requested: same-or-dev
    resolved_ref: dev
    ref_kind: branch
    commit: 0f5469e56102804a9f0f70a027927bd8e2f2cdca
  QDU-Robomaster/HostData:
    repo: https://github.com/QDU-Robomaster/HostData.git
    source: https://qdu-robomaster.github.io/qdu-future-modules/index.yaml
    requested: same-or-dev
    resolved_ref: dev
    ref_kind: branch
    commit: e5207f1fd2d30eef7ca1c80a7357445174425280
  QDU-Robomaster/InfantryLauncher:
    repo: https://github.com/QDU-Robomaster/InfantryLauncher.git
    source: https://qdu-robomaster.github.io/qdu-future-modules/index.yaml
    requested: same-or-dev
    resolved_ref: dev
    ref_kind: branch
    commit: 30b26fced5f15779d5956a2b2344be19c5df0ca1
  QDU-Robomaster/MiniGimbal:
    repo: https://github.com/QDU-Robomaster/MiniGimbal.git
    source: https://qdu-robomaster.github.io/qdu-future-modules/index.yaml
    requested: same-or-dev
    resolved_ref: dev
    ref_kind: branch
    commit: 6577f572efcb6bcd273acad54d21849c5a54d0b3
  QDU-Robomaster/Motor:
    repo: https://github.com/QDU-Robomaster/Motor.git
    source: https://qdu-robomaster.github.io/qdu-future-modules/index.yaml
    requested: same-or-dev
    resolved_ref: dev
    ref_kind: branch
    commit: 2ad83a055035ffc5013dccc50e8fc567dba4cfbc
  QDU-Robomaster/PowerControl:
    repo: https://github.com/QDU-Robomaster/PowerControl.git
    source: https://qdu-robomaster.github.io/qdu-future-modules/index.yaml
    requested: same-or-dev
    resolved_ref: dev
    ref_kind: branch
    commit: b4165de255f42e800207c714f77be91027d5180d
  QDU-Robomaster/RMMotor:
    repo: https://github.com/QDU-Robomaster/RMMotor.git
    source: https://qdu-robomaster.github.io/qdu-future-modules/index.yaml
    requested: same-or-dev
    resolved_ref: dev
    ref_kind: branch
    commit: ddcf5d316298e1d5883e60cf2108f00dcfe1fabb
  QDU-Robomaster/Referee:
    repo: https://github.com/QDU-Robomaster/Referee.git
    source: https://qdu-robomaster.github.io/qdu-future-modules/index.yaml
    requested: same-or-dev
    resolved_ref: dev
    ref_kind: branch
    commit: 96b2468ea414b5837a0c452cece792247a76b210
  QDU-Robomaster/SentryProtocol:
    repo: https://github.com/QDU-Robomaster/SentryProtocol.git
    source: https://qdu-robomaster.github.io/qdu-future-modules/index.yaml
    requested: same-or-dev
    resolved_ref: dev
    ref_kind: branch
    commit: e40c16aeb4ee3e7ba1642427a33a9060ef44a57a
  QDU-Robomaster/SuperPower:
    repo: https://github.com/QDU-Robomaster/SuperPower.git
    source: https://qdu-robomaster.github.io/qdu-future-modules/index.yaml
    requested: same-or-dev
    resolved_ref: dev
    ref_kind: branch
    commit: e687995a117360d99e169f2ff3a289d9dfdf4e98
  QDU-Robomaster/VT13:
    repo: https://github.com/QDU-Robomaster/VT13.git
    source: https://qdu-robomaster.github.io/qdu-future-modules/index.yaml
    requested: same-or-dev
    resolved_ref: dev
    ref_kind: branch
    commit: 259b94071fbd9430830e537cd2019b14dae0488b
  xrobot-org/BMI088:
    repo: https://github.com/xrobot-org/BMI088.git
    source: https://xrobot.work/xrobot-modules/index.yaml
    requested: same-or-dev
    resolved_ref: dev
    ref_kind: branch
    commit: 74340862db0aa0be0c3340987c7ea9229ceefeda
  xrobot-org/BlinkLED:
    repo: https://github.com/xrobot-org/BlinkLED.git
    source: https://xrobot.work/xrobot-modules/index.yaml
    requested: same-or-dev
    resolved_ref: dev
    ref_kind: branch
    commit: 2fc91fb42b01ce61db3e398cc80ee1bdc0e70638
  xrobot-org/BuzzerAlarm:
    repo: https://github.com/xrobot-org/BuzzerAlarm.git
    source: https://xrobot.work/xrobot-modules/index.yaml
    requested: same-or-dev
    resolved_ref: dev
    ref_kind: branch
    commit: 8bd6b55d821200d2f97c40c1a49f41bb126b22e1
  xrobot-org/MadgwickAHRS:
    repo: https://github.com/xrobot-org/MadgwickAHRS
    source: https://xrobot.work/xrobot-modules/index.yaml
    requested: same-or-dev
    resolved_ref: dev
    ref_kind: branch
    commit: 43cf556cb2fe93879fb79361c4393f9bfe65b998
  xrobot-org/SharedTopic:
    repo: https://github.com/xrobot-org/SharedTopic.git
    source: https://xrobot.work/xrobot-modules/index.yaml
    requested: same-or-dev
    resolved_ref: dev
    ref_kind: branch
    commit: 8bca11776da64172a9a138ba91f4a47da61812d3
  xrobot-org/SharedTopicClient:
    repo: https://github.com/xrobot-org/SharedTopicClient.git
    source: https://xrobot.work/xrobot-modules/index.yaml
    requested: same-or-dev
    resolved_ref: dev
    ref_kind: branch
    commit: 54840a9c241a2af9d4222921bd8aef1cc329cd23
