# Generated by `xrobot setup`; do not edit by hand.
version: 1
requests:
- id: QDU-Robomaster/CameraSync
  ref: same-or-dev
- id: QDU-Robomaster/Chassis
  ref: same-or-dev
- id: QDU-Robomaster/CMD
  ref: same-or-dev
- id: QDU-Robomaster/Dart
  ref: same-or-dev
- id: QDU-Robomaster/DMMotor
  ref: same-or-dev
- id: QDU-Robomaster/DR16
  ref: same-or-dev
- id: QDU-Robomaster/EventBinder
  ref: same-or-dev
- id: QDU-Robomaster/Gimbal
  ref: same-or-dev
- id: QDU-Robomaster/HeroLauncher
  ref: same-or-dev
- id: QDU-Robomaster/HostData
  ref: same-or-dev
- id: QDU-Robomaster/InfantryLauncher
  ref: same-or-dev
- id: QDU-Robomaster/MiniGimbal
  ref: same-or-dev
- id: QDU-Robomaster/Motor
  ref: same-or-dev
- id: QDU-Robomaster/PowerControl
  ref: same-or-dev
- id: QDU-Robomaster/Referee
  ref: same-or-dev
- id: QDU-Robomaster/RMMotor
  ref: same-or-dev
- id: QDU-Robomaster/SentryProtocol
  ref: same-or-dev
- id: QDU-Robomaster/SuperPower
  ref: same-or-dev
- id: QDU-Robomaster/VT13
  ref: same-or-dev
- id: xrobot-org/BlinkLED
  ref: same-or-dev
- id: xrobot-org/BMI088
  ref: same-or-dev
- id: xrobot-org/BuzzerAlarm
  ref: same-or-dev
- id: xrobot-org/MadgwickAHRS
  ref: same-or-dev
- id: xrobot-org/SharedTopic
  ref: same-or-dev
- id: xrobot-org/SharedTopicClient
  ref: same-or-dev
modules:
  QDU-Robomaster/CMD:
    repo: https://github.com/QDU-Robomaster/CMD.git
    source: https://qdu-robomaster.github.io/qdu-future-modules/index.yaml
    requested: same-or-dev
    resolved_ref: master
    ref_kind: branch
    commit: 37b7700e9cce3ee74601d9fdcb67961792a21359
  QDU-Robomaster/CameraSync:
    repo: https://github.com/QDU-Robomaster/CameraSync.git
    source: https://qdu-robomaster.github.io/qdu-future-modules/index.yaml
    requested: same-or-dev
    resolved_ref: master
    ref_kind: branch
    commit: 6cb451df977f85d05156fa2b22df9cd5301924ca
  QDU-Robomaster/Chassis:
    repo: https://github.com/QDU-Robomaster/Chassis.git
    source: https://qdu-robomaster.github.io/qdu-future-modules/index.yaml
    requested: same-or-dev
    resolved_ref: master
    ref_kind: branch
    commit: 32761d015294031f3d5ac8326b1a394c796302a9
  QDU-Robomaster/DMMotor:
    repo: https://github.com/QDU-Robomaster/DMMotor.git
    source: https://qdu-robomaster.github.io/qdu-future-modules/index.yaml
    requested: same-or-dev
    resolved_ref: master
    ref_kind: branch
    commit: 7f1dc12abc8b05993671befcb8f1bba694755f5b
  QDU-Robomaster/DR16:
    repo: https://github.com/QDU-Robomaster/DR16.git
    source: https://qdu-robomaster.github.io/qdu-future-modules/index.yaml
    requested: same-or-dev
    resolved_ref: master
    ref_kind: branch
    commit: 79c22deb4187f5af4225077fe19434bd81835171
  QDU-Robomaster/Dart:
    repo: https://github.com/QDU-Robomaster/Dart.git
    source: https://qdu-robomaster.github.io/qdu-future-modules/index.yaml
    requested: same-or-dev
    resolved_ref: master
    ref_kind: branch
    commit: 249326bfbc7aa42e6460302dafa0e871770eb596
  QDU-Robomaster/EventBinder:
    repo: https://github.com/QDU-Robomaster/EventBinder.git
    source: https://qdu-robomaster.github.io/qdu-future-modules/index.yaml
    requested: same-or-dev
    resolved_ref: master
    ref_kind: branch
    commit: 3d4adde3a7c10152a6a0b6c67738b88c972bd675
  QDU-Robomaster/Gimbal:
    repo: https://github.com/QDU-Robomaster/Gimbal.git
    source: https://qdu-robomaster.github.io/qdu-future-modules/index.yaml
    requested: same-or-dev
    resolved_ref: master
    ref_kind: branch
    commit: 502a9dba7737cd37cd2f48da901a76e9583d5ed2
  QDU-Robomaster/HeroLauncher:
    repo: https://github.com/QDU-Robomaster/HeroLauncher.git
    source: https://qdu-robomaster.github.io/qdu-future-modules/index.yaml
    requested: same-or-dev
    resolved_ref: master
    ref_kind: branch
    commit: 254179db8c85de49adb51b4ded76023e1646a903
  QDU-Robomaster/HostData:
    repo: https://github.com/QDU-Robomaster/HostData.git
    source: https://qdu-robomaster.github.io/qdu-future-modules/index.yaml
    requested: same-or-dev
    resolved_ref: master
    ref_kind: branch
    commit: 7fb5d7836383e48e97993216fff158977fe85a58
  QDU-Robomaster/InfantryLauncher:
    repo: https://github.com/QDU-Robomaster/InfantryLauncher.git
    source: https://qdu-robomaster.github.io/qdu-future-modules/index.yaml
    requested: same-or-dev
    resolved_ref: master
    ref_kind: branch
    commit: 857d18828877165286a19099181e34184db591e6
  QDU-Robomaster/MiniGimbal:
    repo: https://github.com/QDU-Robomaster/MiniGimbal.git
    source: https://qdu-robomaster.github.io/qdu-future-modules/index.yaml
    requested: same-or-dev
    resolved_ref: master
    ref_kind: branch
    commit: 608447c55f9e33b2bc2f75030907e4f0a227fe51
  QDU-Robomaster/Motor:
    repo: https://github.com/QDU-Robomaster/Motor.git
    source: https://qdu-robomaster.github.io/qdu-future-modules/index.yaml
    requested: same-or-dev
    resolved_ref: master
    ref_kind: branch
    commit: b78274996f93eec611efab2ba7ecc51fbd5672b9
  QDU-Robomaster/PowerControl:
    repo: https://github.com/QDU-Robomaster/PowerControl.git
    source: https://qdu-robomaster.github.io/qdu-future-modules/index.yaml
    requested: same-or-dev
    resolved_ref: master
    ref_kind: branch
    commit: 4097e1f6a3fad89126e82b920217961286966d84
  QDU-Robomaster/RMMotor:
    repo: https://github.com/QDU-Robomaster/RMMotor.git
    source: https://qdu-robomaster.github.io/qdu-future-modules/index.yaml
    requested: same-or-dev
    resolved_ref: master
    ref_kind: branch
    commit: e9d5fa3748cd984777a9fabdce40062d610660b2
  QDU-Robomaster/Referee:
    repo: https://github.com/QDU-Robomaster/Referee.git
    source: https://qdu-robomaster.github.io/qdu-future-modules/index.yaml
    requested: same-or-dev
    resolved_ref: master
    ref_kind: branch
    commit: 79f8e5ca0afb56eaf2554d760eef67d067bca504
  QDU-Robomaster/SentryProtocol:
    repo: https://github.com/QDU-Robomaster/SentryProtocol.git
    source: https://qdu-robomaster.github.io/qdu-future-modules/index.yaml
    requested: same-or-dev
    resolved_ref: master
    ref_kind: branch
    commit: 81b3a8c55a89f6d3fd1787c8468570765f0b9bcb
  QDU-Robomaster/SuperPower:
    repo: https://github.com/QDU-Robomaster/SuperPower.git
    source: https://qdu-robomaster.github.io/qdu-future-modules/index.yaml
    requested: same-or-dev
    resolved_ref: master
    ref_kind: branch
    commit: aaa8db0d379874d1f90dfcfde1d4b0bbb9d9a05a
  QDU-Robomaster/VT13:
    repo: https://github.com/QDU-Robomaster/VT13.git
    source: https://qdu-robomaster.github.io/qdu-future-modules/index.yaml
    requested: same-or-dev
    resolved_ref: master
    ref_kind: branch
    commit: 7927154b47f5da7bab47e86da098705a8d4e26ae
  xrobot-org/BMI088:
    repo: https://github.com/xrobot-org/BMI088.git
    source: https://xrobot.work/xrobot-modules/index.yaml
    requested: same-or-dev
    resolved_ref: master
    ref_kind: branch
    commit: e4e64d705f5b61685e629a91e123ad2febe75fc7
  xrobot-org/BlinkLED:
    repo: https://github.com/xrobot-org/BlinkLED.git
    source: https://xrobot.work/xrobot-modules/index.yaml
    requested: same-or-dev
    resolved_ref: master
    ref_kind: branch
    commit: 0ca1620261fea84a3a391ff219199b7bef4d9a1e
  xrobot-org/BuzzerAlarm:
    repo: https://github.com/xrobot-org/BuzzerAlarm.git
    source: https://xrobot.work/xrobot-modules/index.yaml
    requested: same-or-dev
    resolved_ref: master
    ref_kind: branch
    commit: a7c17cf7b1d10409848c32bd420cb393515e7f27
  xrobot-org/MadgwickAHRS:
    repo: https://github.com/xrobot-org/MadgwickAHRS
    source: https://xrobot.work/xrobot-modules/index.yaml
    requested: same-or-dev
    resolved_ref: master
    ref_kind: branch
    commit: e98a223b84e44ca8718fe8e68b4b63577ec70499
  xrobot-org/SharedTopic:
    repo: https://github.com/xrobot-org/SharedTopic.git
    source: https://xrobot.work/xrobot-modules/index.yaml
    requested: same-or-dev
    resolved_ref: master
    ref_kind: branch
    commit: 6005712610dc754e842482f52fd2c5a335f67d99
  xrobot-org/SharedTopicClient:
    repo: https://github.com/xrobot-org/SharedTopicClient.git
    source: https://xrobot.work/xrobot-modules/index.yaml
    requested: same-or-dev
    resolved_ref: master
    ref_kind: branch
    commit: 157d8bc1e5d45cb35526b8892046f23ae33947ab
